
Microsoft Visual Studio Solution File, Format Version 12.00
# Visual Studio 14
VisualStudioVersion = 14.0.25420.1
MinimumVisualStudioVersion = 10.0.40219.1
Project("{FAE04EC0-301F-11D3-BF4B-00C04F79EFBC}") = "JayTutorials", "JayTutorials\JayTutorials.csproj", "{2F027269-58C2-43CB-A2CA-0566EC2D7B4E}"
EndProject
Project("{FAE04EC0-301F-11D3-BF4B-00C04F79EFBC}") = "BasicCRUD", "..\..\BasicCRUD\BasicCRUD\BasicCRUD.csproj", "{3FEFFB73-7D92-44AD-A019-80456CC8A96D}"
EndProject
Global
	GlobalSection(SolutionConfigurationPlatforms) = preSolution
		Debug|Any CPU = Debug|Any CPU
		Release|Any CPU = Release|Any CPU
	EndGlobalSection
	GlobalSection(ProjectConfigurationPlatforms) = postSolution
		{2F027269-58C2-43CB-A2CA-0566EC2D7B4E}.Debug|Any CPU.ActiveCfg = Debug|Any CPU
		{2F027269-58C2-43CB-A2CA-0566EC2D7B4E}.Debug|Any CPU.Build.0 = Debug|Any CPU
		{2F027269-58C2-43CB-A2CA-0566EC2D7B4E}.Release|Any CPU.ActiveCfg = Release|Any CPU
		{2F027269-58C2-43CB-A2CA-0566EC2D7B4E}.Release|Any CPU.Build.0 = Release|Any CPU
		{3FEFFB73-7D92-44AD-A019-80456CC8A96D}.Debug|Any CPU.ActiveCfg = Debug|Any CPU
		{3FEFFB73-7D92-44AD-A019-80456CC8A96D}.Debug|Any CPU.Build.0 = Debug|Any CPU
		{3FEFFB73-7D92-44AD-A019-80456CC8A96D}.Release|Any CPU.ActiveCfg = Release|Any CPU
		{3FEFFB73-7D92-44AD-A019-80456CC8A96D}.Release|Any CPU.Build.0 = Release|Any CPU
	EndGlobalSection
	GlobalSection(SolutionProperties) = preSolution
		HideSolutionNode = FALSE
	EndGlobalSection
EndGlobal
